
Microsoft Visual Studio Solution File, Format Version 12.00
# Visual Studio Version 16
VisualStudioVersion = 16.6.30114.105
MinimumVisualStudioVersion = 10.0.40219.1
Project("{9A19103F-16F7-4668-BE54-9A1E7A4F7556}") = "01-Basics", "01-Basics\01-Basics.csproj", "{D1C88CE1-25C6-458C-BD04-815B7ACEFA33}"
EndProject
Project("{9A19103F-16F7-4668-BE54-9A1E7A4F7556}") = "02-IdentityAuthentication", "02-IdentityAuthentication\02-IdentityAuthentication.csproj", "{3151F5A0-36BA-4D22-9BB2-BB03B1B07D39}"
EndProject
Project("{9A19103F-16F7-4668-BE54-9A1E7A4F7556}") = "03-EmailConfirmation", "03-EmailConfirmation\03-EmailConfirmation.csproj", "{BBD11950-BAE4-4C6E-8919-2E90C47DA154}"
EndProject
Project("{9A19103F-16F7-4668-BE54-9A1E7A4F7556}") = "04-AuthorizationPolicyClaims", "04-AuthorizationPolicyClaims\04-AuthorizationPolicyClaims.csproj", "{4C20A5C4-18DE-46EF-9D73-07D53004178E}"
EndProject
Project("{9A19103F-16F7-4668-BE54-9A1E7A4F7556}") = "05-OAuth-JWT", "05-OAuth-JWT\05-OAuth-JWT.csproj", "{330888B8-A33A-4964-A25D-7ACC0B26394D}"
EndProject
Project("{9A19103F-16F7-4668-BE54-9A1E7A4F7556}") = "06-IS4-ClientCredentials", "06-IS4-ClientCredentials\06-IS4-ClientCredentials.csproj", "{97527522-E720-44D0-A4CF-7AD146D0EA71}"
EndProject
Project("{FAE04EC0-301F-11D3-BF4B-00C04F79EFBC}") = "06-IS4-ApiServer", "06-IS4-ApiServer\06-IS4-ApiServer.csproj", "{8A222041-4CC3-4CBF-99C8-60FA3C8C374B}"
EndProject
Project("{FAE04EC0-301F-11D3-BF4B-00C04F79EFBC}") = "06-IS4-ApiServer2", "06-IS4-ApiServer2\06-IS4-ApiServer2.csproj", "{25310685-4736-4A0E-8698-C39D9FC9C1FC}"
EndProject
Global
	GlobalSection(SolutionConfigurationPlatforms) = preSolution
		Debug|Any CPU = Debug|Any CPU
		Debug|x64 = Debug|x64
		Debug|x86 = Debug|x86
		Release|Any CPU = Release|Any CPU
		Release|x64 = Release|x64
		Release|x86 = Release|x86
	EndGlobalSection
	GlobalSection(ProjectConfigurationPlatforms) = postSolution
		{D1C88CE1-25C6-458C-BD04-815B7ACEFA33}.Debug|Any CPU.ActiveCfg = Debug|Any CPU
		{D1C88CE1-25C6-458C-BD04-815B7ACEFA33}.Debug|Any CPU.Build.0 = Debug|Any CPU
		{D1C88CE1-25C6-458C-BD04-815B7ACEFA33}.Debug|x64.ActiveCfg = Debug|Any CPU
		{D1C88CE1-25C6-458C-BD04-815B7ACEFA33}.Debug|x64.Build.0 = Debug|Any CPU
		{D1C88CE1-25C6-458C-BD04-815B7ACEFA33}.Debug|x86.ActiveCfg = Debug|Any CPU
		{D1C88CE1-25C6-458C-BD04-815B7ACEFA33}.Debug|x86.Build.0 = Debug|Any CPU
		{D1C88CE1-25C6-458C-BD04-815B7ACEFA33}.Release|Any CPU.ActiveCfg = Release|Any CPU
		{D1C88CE1-25C6-458C-BD04-815B7ACEFA33}.Release|Any CPU.Build.0 = Release|Any CPU
		{D1C88CE1-25C6-458C-BD04-815B7ACEFA33}.Release|x64.ActiveCfg = Release|Any CPU
		{D1C88CE1-25C6-458C-BD04-815B7ACEFA33}.Release|x64.Build.0 = Release|Any CPU
		{D1C88CE1-25C6-458C-BD04-815B7ACEFA33}.Release|x86.ActiveCfg = Release|Any CPU
		{D1C88CE1-25C6-458C-BD04-815B7ACEFA33}.Release|x86.Build.0 = Release|Any CPU
		{3151F5A0-36BA-4D22-9BB2-BB03B1B07D39}.Debug|Any CPU.ActiveCfg = Debug|Any CPU
		{3151F5A0-36BA-4D22-9BB2-BB03B1B07D39}.Debug|Any CPU.Build.0 = Debug|Any CPU
		{3151F5A0-36BA-4D22-9BB2-BB03B1B07D39}.Debug|x64.ActiveCfg = Debug|Any CPU
		{3151F5A0-36BA-4D22-9BB2-BB03B1B07D39}.Debug|x64.Build.0 = Debug|Any CPU
		{3151F5A0-36BA-4D22-9BB2-BB03B1B07D39}.Debug|x86.ActiveCfg = Debug|Any CPU
		{3151F5A0-36BA-4D22-9BB2-BB03B1B07D39}.Debug|x86.Build.0 = Debug|Any CPU
		{3151F5A0-36BA-4D22-9BB2-BB03B1B07D39}.Release|Any CPU.ActiveCfg = Release|Any CPU
		{3151F5A0-36BA-4D22-9BB2-BB03B1B07D39}.Release|Any CPU.Build.0 = Release|Any CPU
		{3151F5A0-36BA-4D22-9BB2-BB03B1B07D39}.Release|x64.ActiveCfg = Release|Any CPU
		{3151F5A0-36BA-4D22-9BB2-BB03B1B07D39}.Release|x64.Build.0 = Release|Any CPU
		{3151F5A0-36BA-4D22-9BB2-BB03B1B07D39}.Release|x86.ActiveCfg = Release|Any CPU
		{3151F5A0-36BA-4D22-9BB2-BB03B1B07D39}.Release|x86.Build.0 = Release|Any CPU
		{BBD11950-BAE4-4C6E-8919-2E90C47DA154}.Debug|Any CPU.ActiveCfg = Debug|Any CPU
		{BBD11950-BAE4-4C6E-8919-2E90C47DA154}.Debug|Any CPU.Build.0 = Debug|Any CPU
		{BBD11950-BAE4-4C6E-8919-2E90C47DA154}.Debug|x64.ActiveCfg = Debug|Any CPU
		{BBD11950-BAE4-4C6E-8919-2E90C47DA154}.Debug|x64.Build.0 = Debug|Any CPU
		{BBD11950-BAE4-4C6E-8919-2E90C47DA154}.Debug|x86.ActiveCfg = Debug|Any CPU
		{BBD11950-BAE4-4C6E-8919-2E90C47DA154}.Debug|x86.Build.0 = Debug|Any CPU
		{BBD11950-BAE4-4C6E-8919-2E90C47DA154}.Release|Any CPU.ActiveCfg = Release|Any CPU
		{BBD11950-BAE4-4C6E-8919-2E90C47DA154}.Release|Any CPU.Build.0 = Release|Any CPU
		{BBD11950-BAE4-4C6E-8919-2E90C47DA154}.Release|x64.ActiveCfg = Release|Any CPU
		{BBD11950-BAE4-4C6E-8919-2E90C47DA154}.Release|x64.Build.0 = Release|Any CPU
		{BBD11950-BAE4-4C6E-8919-2E90C47DA154}.Release|x86.ActiveCfg = Release|Any CPU
		{BBD11950-BAE4-4C6E-8919-2E90C47DA154}.Release|x86.Build.0 = Release|Any CPU
		{4C20A5C4-18DE-46EF-9D73-07D53004178E}.Debug|Any CPU.ActiveCfg = Debug|Any CPU
		{4C20A5C4-18DE-46EF-9D73-07D53004178E}.Debug|Any CPU.Build.0 = Debug|Any CPU
		{4C20A5C4-18DE-46EF-9D73-07D53004178E}.Debug|x64.ActiveCfg = Debug|Any CPU
		{4C20A5C4-18DE-46EF-9D73-07D53004178E}.Debug|x64.Build.0 = Debug|Any CPU
		{4C20A5C4-18DE-46EF-9D73-07D53004178E}.Debug|x86.ActiveCfg = Debug|Any CPU
		{4C20A5C4-18DE-46EF-9D73-07D53004178E}.Debug|x86.Build.0 = Debug|Any CPU
		{4C20A5C4-18DE-46EF-9D73-07D53004178E}.Release|Any CPU.ActiveCfg = Release|Any CPU
		{4C20A5C4-18DE-46EF-9D73-07D53004178E}.Release|Any CPU.Build.0 = Release|Any CPU
		{4C20A5C4-18DE-46EF-9D73-07D53004178E}.Release|x64.ActiveCfg = Release|Any CPU
		{4C20A5C4-18DE-46EF-9D73-07D53004178E}.Release|x64.Build.0 = Release|Any CPU
		{4C20A5C4-18DE-46EF-9D73-07D53004178E}.Release|x86.ActiveCfg = Release|Any CPU
		{4C20A5C4-18DE-46EF-9D73-07D53004178E}.Release|x86.Build.0 = Release|Any CPU
		{330888B8-A33A-4964-A25D-7ACC0B26394D}.Debug|Any CPU.ActiveCfg = Debug|Any CPU
		{330888B8-A33A-4964-A25D-7ACC0B26394D}.Debug|Any CPU.Build.0 = Debug|Any CPU
		{330888B8-A33A-4964-A25D-7ACC0B26394D}.Debug|x64.ActiveCfg = Debug|Any CPU
		{330888B8-A33A-4964-A25D-7ACC0B26394D}.Debug|x64.Build.0 = Debug|Any CPU
		{330888B8-A33A-4964-A25D-7ACC0B26394D}.Debug|x86.ActiveCfg = Debug|Any CPU
		{330888B8-A33A-4964-A25D-7ACC0B26394D}.Debug|x86.Build.0 = Debug|Any CPU
		{330888B8-A33A-4964-A25D-7ACC0B26394D}.Release|Any CPU.ActiveCfg = Release|Any CPU
		{330888B8-A33A-4964-A25D-7ACC0B26394D}.Release|Any CPU.Build.0 = Release|Any CPU
		{330888B8-A33A-4964-A25D-7ACC0B26394D}.Release|x64.ActiveCfg = Release|Any CPU
		{330888B8-A33A-4964-A25D-7ACC0B26394D}.Release|x64.Build.0 = Release|Any CPU
		{330888B8-A33A-4964-A25D-7ACC0B26394D}.Release|x86.ActiveCfg = Release|Any CPU
		{330888B8-A33A-4964-A25D-7ACC0B26394D}.Release|x86.Build.0 = Release|Any CPU
		{97527522-E720-44D0-A4CF-7AD146D0EA71}.Debug|Any CPU.ActiveCfg = Debug|Any CPU
		{97527522-E720-44D0-A4CF-7AD146D0EA71}.Debug|Any CPU.Build.0 = Debug|Any CPU
		{97527522-E720-44D0-A4CF-7AD146D0EA71}.Debug|x64.ActiveCfg = Debug|Any CPU
		{97527522-E720-44D0-A4CF-7AD146D0EA71}.Debug|x64.Build.0 = Debug|Any CPU
		{97527522-E720-44D0-A4CF-7AD146D0EA71}.Debug|x86.ActiveCfg = Debug|Any CPU
		{97527522-E720-44D0-A4CF-7AD146D0EA71}.Debug|x86.Build.0 = Debug|Any CPU
		{97527522-E720-44D0-A4CF-7AD146D0EA71}.Release|Any CPU.ActiveCfg = Release|Any CPU
		{97527522-E720-44D0-A4CF-7AD146D0EA71}.Release|Any CPU.Build.0 = Release|Any CPU
		{97527522-E720-44D0-A4CF-7AD146D0EA71}.Release|x64.ActiveCfg = Release|Any CPU
		{97527522-E720-44D0-A4CF-7AD146D0EA71}.Release|x64.Build.0 = Release|Any CPU
		{97527522-E720-44D0-A4CF-7AD146D0EA71}.Release|x86.ActiveCfg = Release|Any CPU
		{97527522-E720-44D0-A4CF-7AD146D0EA71}.Release|x86.Build.0 = Release|Any CPU
		{8A222041-4CC3-4CBF-99C8-60FA3C8C374B}.Debug|Any CPU.ActiveCfg = Debug|Any CPU
		{8A222041-4CC3-4CBF-99C8-60FA3C8C374B}.Debug|Any CPU.Build.0 = Debug|Any CPU
		{8A222041-4CC3-4CBF-99C8-60FA3C8C374B}.Debug|x64.ActiveCfg = Debug|Any CPU
		{8A222041-4CC3-4CBF-99C8-60FA3C8C374B}.Debug|x64.Build.0 = Debug|Any CPU
		{8A222041-4CC3-4CBF-99C8-60FA3C8C374B}.Debug|x86.ActiveCfg = Debug|Any CPU
		{8A222041-4CC3-4CBF-99C8-60FA3C8C374B}.Debug|x86.Build.0 = Debug|Any CPU
		{8A222041-4CC3-4CBF-99C8-60FA3C8C374B}.Release|Any CPU.ActiveCfg = Release|Any CPU
		{8A222041-4CC3-4CBF-99C8-60FA3C8C374B}.Release|Any CPU.Build.0 = Release|Any CPU
		{8A222041-4CC3-4CBF-99C8-60FA3C8C374B}.Release|x64.ActiveCfg = Release|Any CPU
		{8A222041-4CC3-4CBF-99C8-60FA3C8C374B}.Release|x64.Build.0 = Release|Any CPU
		{8A222041-4CC3-4CBF-99C8-60FA3C8C374B}.Release|x86.ActiveCfg = Release|Any CPU
		{8A222041-4CC3-4CBF-99C8-60FA3C8C374B}.Release|x86.Build.0 = Release|Any CPU
		{25310685-4736-4A0E-8698-C39D9FC9C1FC}.Debug|Any CPU.ActiveCfg = Debug|Any CPU
		{25310685-4736-4A0E-8698-C39D9FC9C1FC}.Debug|Any CPU.Build.0 = Debug|Any CPU
		{25310685-4736-4A0E-8698-C39D9FC9C1FC}.Debug|x64.ActiveCfg = Debug|Any CPU
		{25310685-4736-4A0E-8698-C39D9FC9C1FC}.Debug|x64.Build.0 = Debug|Any CPU
		{25310685-4736-4A0E-8698-C39D9FC9C1FC}.Debug|x86.ActiveCfg = Debug|Any CPU
		{25310685-4736-4A0E-8698-C39D9FC9C1FC}.Debug|x86.Build.0 = Debug|Any CPU
		{25310685-4736-4A0E-8698-C39D9FC9C1FC}.Release|Any CPU.ActiveCfg = Release|Any CPU
		{25310685-4736-4A0E-8698-C39D9FC9C1FC}.Release|Any CPU.Build.0 = Release|Any CPU
		{25310685-4736-4A0E-8698-C39D9FC9C1FC}.Release|x64.ActiveCfg = Release|Any CPU
		{25310685-4736-4A0E-8698-C39D9FC9C1FC}.Release|x64.Build.0 = Release|Any CPU
		{25310685-4736-4A0E-8698-C39D9FC9C1FC}.Release|x86.ActiveCfg = Release|Any CPU
		{25310685-4736-4A0E-8698-C39D9FC9C1FC}.Release|x86.Build.0 = Release|Any CPU
	EndGlobalSection
	GlobalSection(SolutionProperties) = preSolution
		HideSolutionNode = FALSE
	EndGlobalSection
	GlobalSection(ExtensibilityGlobals) = postSolution
		SolutionGuid = {DB370684-1656-4377-996A-AC167300D4DB}
	EndGlobalSection
EndGlobal
